
Microsoft Visual Studio Solution File, Format Version 12.00
# Visual Studio Version 17
VisualStudioVersion = 17.1.32421.90
MinimumVisualStudioVersion = 10.0.40219.1
Project("{FAE04EC0-301F-11D3-BF4B-00C04F79EFBC}") = "EnglishApp_WinForm", "EnglishApp_WinForm\EnglishApp_WinForm.csproj", "{4A150AB8-F84B-4BCA-B531-643DCBA0A028}"
EndProject
Global
	GlobalSection(SolutionConfigurationPlatforms) = preSolution
		Debug|Any CPU = Debug|Any CPU
		Release|Any CPU = Release|Any CPU
	EndGlobalSection
	GlobalSection(ProjectConfigurationPlatforms) = postSolution
		{4A150AB8-F84B-4BCA-B531-643DCBA0A028}.Debug|Any CPU.ActiveCfg = Debug|Any CPU
		{4A150AB8-F84B-4BCA-B531-643DCBA0A028}.Debug|Any CPU.Build.0 = Debug|Any CPU
		{4A150AB8-F84B-4BCA-B531-643DCBA0A028}.Release|Any CPU.ActiveCfg = Release|Any CPU
		{4A150AB8-F84B-4BCA-B531-643DCBA0A028}.Release|Any CPU.Build.0 = Release|Any CPU
	EndGlobalSection
	GlobalSection(SolutionProperties) = preSolution
		HideSolutionNode = FALSE
	EndGlobalSection
	GlobalSection(ExtensibilityGlobals) = postSolution
		SolutionGuid = {1F8F9E52-EE68-49FF-837B-78AAF44DCE4D}
	EndGlobalSection
EndGlobal
